
Microsoft Visual Studio Solution File, Format Version 12.00
# Visual Studio Version 17
VisualStudioVersion = 17.4.33122.133
MinimumVisualStudioVersion = 10.0.40219.1
Project("{FAE04EC0-301F-11D3-BF4B-00C04F79EFBC}") = "AttandancePortal", "AttandancePortal.csproj", "{5CBFACB8-33B9-4B7D-9BBE-1ABBC72BA285}"
EndProject
Global
	GlobalSection(SolutionConfigurationPlatforms) = preSolution
		Debug|Any CPU = Debug|Any CPU
		Release|Any CPU = Release|Any CPU
	EndGlobalSection
	GlobalSection(ProjectConfigurationPlatforms) = postSolution
		{5CBFACB8-33B9-4B7D-9BBE-1ABBC72BA285}.Debug|Any CPU.ActiveCfg = Debug|Any CPU
		{5CBFACB8-33B9-4B7D-9BBE-1ABBC72BA285}.Debug|Any CPU.Build.0 = Debug|Any CPU
		{5CBFACB8-33B9-4B7D-9BBE-1ABBC72BA285}.Release|Any CPU.ActiveCfg = Release|Any CPU
		{5CBFACB8-33B9-4B7D-9BBE-1ABBC72BA285}.Release|Any CPU.Build.0 = Release|Any CPU
	EndGlobalSection
	GlobalSection(SolutionProperties) = preSolution
		HideSolutionNode = FALSE
	EndGlobalSection
	GlobalSection(ExtensibilityGlobals) = postSolution
		SolutionGuid = {571BCACF-768C-45C0-9623-D91426E9A78C}
	EndGlobalSection
EndGlobal
